
Microsoft Visual Studio Solution File, Format Version 12.00
# Visual Studio 15
VisualStudioVersion = 15.0.28307.902
MinimumVisualStudioVersion = 10.0.40219.1
Project("{FAE04EC0-301F-11D3-BF4B-00C04F79EFBC}") = "TiTSproj", "TiTSproj\TiTSproj.csproj", "{CA10F7C8-4F8E-4DC3-9A77-91C19BB2985D}"
EndProject
Global
	GlobalSection(SolutionConfigurationPlatforms) = preSolution
		Debug|Any CPU = Debug|Any CPU
		Release|Any CPU = Release|Any CPU
	EndGlobalSection
	GlobalSection(ProjectConfigurationPlatforms) = postSolution
		{CA10F7C8-4F8E-4DC3-9A77-91C19BB2985D}.Debug|Any CPU.ActiveCfg = Debug|Any CPU
		{CA10F7C8-4F8E-4DC3-9A77-91C19BB2985D}.Debug|Any CPU.Build.0 = Debug|Any CPU
		{CA10F7C8-4F8E-4DC3-9A77-91C19BB2985D}.Release|Any CPU.ActiveCfg = Release|Any CPU
		{CA10F7C8-4F8E-4DC3-9A77-91C19BB2985D}.Release|Any CPU.Build.0 = Release|Any CPU
	EndGlobalSection
	GlobalSection(SolutionProperties) = preSolution
		HideSolutionNode = FALSE
	EndGlobalSection
	GlobalSection(ExtensibilityGlobals) = postSolution
		SolutionGuid = {655ED06E-6A45-4419-941E-65F2F5FAF92F}
	EndGlobalSection
EndGlobal
